
Microsoft Visual Studio Solution File, Format Version 12.00
# Visual Studio Version 16
VisualStudioVersion = 16.0.31313.79
MinimumVisualStudioVersion = 10.0.40219.1
Project("{FAE04EC0-301F-11D3-BF4B-00C04F79EFBC}") = "RantingService2", "RantingService2\RantingService2.csproj", "{AA58D5BB-E26A-472B-A70E-E3A052AA0A8E}"
EndProject
Global
	GlobalSection(SolutionConfigurationPlatforms) = preSolution
		Debug|Any CPU = Debug|Any CPU
		Release|Any CPU = Release|Any CPU
	EndGlobalSection
	GlobalSection(ProjectConfigurationPlatforms) = postSolution
		{AA58D5BB-E26A-472B-A70E-E3A052AA0A8E}.Debug|Any CPU.ActiveCfg = Debug|Any CPU
		{AA58D5BB-E26A-472B-A70E-E3A052AA0A8E}.Debug|Any CPU.Build.0 = Debug|Any CPU
		{AA58D5BB-E26A-472B-A70E-E3A052AA0A8E}.Release|Any CPU.ActiveCfg = Release|Any CPU
		{AA58D5BB-E26A-472B-A70E-E3A052AA0A8E}.Release|Any CPU.Build.0 = Release|Any CPU
	EndGlobalSection
	GlobalSection(SolutionProperties) = preSolution
		HideSolutionNode = FALSE
	EndGlobalSection
	GlobalSection(ExtensibilityGlobals) = postSolution
		SolutionGuid = {05BCFF69-CBDA-47D3-94EB-1520F1D1DC71}
	EndGlobalSection
EndGlobal
